{
  "version": 4,
  "terraform_version": "1.1.5",
  "serial": 41,
  "lineage": "df8cb2a9-0e57-a7d8-9608-8cf140f4b9f4",
  "outputs": {
    "endpoint": {
      "value": "35.223.108.214",
      "type": "string"
    },
    "master_version": {
      "value": "1.21.6-gke.1500",
      "type": "string"
    }
  },
  "resources": [
    {
      "mode": "managed",
      "type": "google_container_cluster",
      "name": "primary",
      "provider": "provider[\"registry.terraform.io/hashicorp/google\"]",
      "instances": [
        {
          "schema_version": 1,
          "attributes": {
            "addons_config": [
              {
                "cloudrun_config": [],
                "gcp_filestore_csi_driver_config": [],
                "horizontal_pod_autoscaling": [],
                "http_load_balancing": [],
                "network_policy_config": [
                  {
                    "disabled": true
                  }
                ]
              }
            ],
            "authenticator_groups_config": [],
            "cluster_autoscaling": [
              {
                "auto_provisioning_defaults": [],
                "enabled": false,
                "resource_limits": []
              }
            ],
            "cluster_ipv4_cidr": "10.108.0.0/14",
            "confidential_nodes": [],
            "database_encryption": [
              {
                "key_name": "",
                "state": "DECRYPTED"
              }
            ],
            "datapath_provider": "",
            "default_max_pods_per_node": null,
            "default_snat_status": [
              {
                "disabled": false
              }
            ],
            "description": "",
            "dns_config": [],
            "enable_autopilot": false,
            "enable_binary_authorization": false,
            "enable_intranode_visibility": false,
            "enable_kubernetes_alpha": false,
            "enable_legacy_abac": false,
            "enable_shielded_nodes": true,
            "enable_tpu": false,
            "endpoint": "35.223.108.214",
            "id": "projects/projectvpcpoc-2/locations/us-central1-a/clusters/cluster-demo",
            "initial_node_count": 3,
            "ip_allocation_policy": [],
            "label_fingerprint": "a9dc16a7",
            "location": "us-central1-a",
            "logging_config": [
              {
                "enable_components": [
                  "SYSTEM_COMPONENTS",
                  "WORKLOADS"
                ]
              }
            ],
            "logging_service": "logging.googleapis.com/kubernetes",
            "maintenance_policy": [],
            "master_auth": [
              {
                "client_certificate": "",
                "client_certificate_config": [
                  {
                    "issue_client_certificate": false
                  }
                ],
                "client_key": "",
                "cluster_ca_certificate": "LS0tLS1CRUdJTiBDRVJUSUZJQ0FURS0tLS0tCk1JSUVMVENDQXBXZ0F3SUJBZ0lSQU0vRUg5Y3QvUXgwRmtvTDB3aHZIS0F3RFFZSktvWklodmNOQVFFTEJRQXcKTHpFdE1Dc0dBMVVFQXhNa05qQTBZMk0yTW1RdFpXRmpPQzAwTm1ObExXRTNNR010TkdSbVpqQmtOR0pqWW1FMwpNQ0FYRFRJeU1ESXlNakE0TURneU9Wb1lEekl3TlRJd01qRTFNRGt3T0RJNVdqQXZNUzB3S3dZRFZRUURFeVEyCk1EUmpZell5WkMxbFlXTTRMVFEyWTJVdFlUY3dZeTAwWkdabU1HUTBZbU5pWVRjd2dnR2lNQTBHQ1NxR1NJYjMKRFFFQkFRVUFBNElCandBd2dnR0tBb0lCZ1FDYVY3UFgzME9SK0FrU2ZpODlxSFA5QW5UMG9Wb2lpRXFxQmhFTwp4MGhGbEJJVWNzUENrdWxrb0RNMHJhNW9VdnMzMGErTWlEcHgwT1pDOHVlY1QxMkRhTlhtakR5cjQ3VGxXSXdFCmxPQzZFSVl3elc0QmtZOHRULzRXNUlSQlJJS0h2VVZCVDV6QmJWYVBKakx1STI1aXUxVU9ZWlFPU1Y0VkJIbDYKUWNSYjBFaEJUSGxIYW5PQmloU2dTQm1TTDJJb1BWZ0YyS3BRUXlvbkJWWkRrMjROVldSTzEzTEVEMWtyMHZmZQpOU09nZFFCQU5FNlJBS3g5T3RtOU5WMWVSb3pwdi84V3BpRXU5emYxYTRWdHZtWnZqSVpoMWZoaE1ZMjNBOHBUCk96b1B5aEJPQ3h3ZFVQeFJCM3hvbFJONDJOTTBNREtNVWR3V3ZyWFJObHlEeUl6dFJhcHJSY0dkZGFwVEJzVnkKRzcyaTZVK2JtRTUzRkZWZGpGYU5LTXdISUFlKzRkQnVnTmZnN1ZiaXZrTzNPNUNKenJvYkR5VGxMUGU5blNEWQpiWkdSRzl5K1B3L1FER2lzU3F6NEZhT1liZnQzd0l5YXZ6aGJqNzMxRmhhMlZvVWhpNEtoYmZDR1M5L2lFRzVjCjdsMWdZK0U2RDNwV041TldBZmRIdzNjNTFHY0NBd0VBQWFOQ01FQXdEZ1lEVlIwUEFRSC9CQVFEQWdJRU1BOEcKQTFVZEV3RUIvd1FGTUFNQkFmOHdIUVlEVlIwT0JCWUVGTWFlYVVyeDdmVloyWEt5Vlk5RUVxZW5CTVcwTUEwRwpDU3FHU0liM0RRRUJDd1VBQTRJQmdRQTNqU3NGL1RxQm13WEsva0Y0SGtlRFo0L2FOQ0F1MlY5NE83UGRUOHhjCk1GUXhOVXBsWnhHL0NMWjhGWkEyYm13Z2RxUkpIQVBQM0ZSUnlhblhDdGpKbmdOUmZvQnRQTFgrV1QxUWhrcWoKZCtadTZiWWpKbmg3alNHcGJPMWxUcSt3aWtsbnBXV0JSbU5xWHZySWpnK0xSeGVBZEVPVDQrdU1reU9WL0JpSAp1UW1QcmxKMTZvUUFGNHptQ3FsSnRJbS9UL0JLM2hZVGVSSHROL2U2bURyckFFaG1wNWhmRXVZNXdMZ2ZmVDV6CmE0c0J3VmFiZVNJNUV2Qm5YQ1NKZnZDQ0VZMjM4U3lUdUZTVmo3S2tGalgvMXdXSUs4ZDZsclZpL3V2ajdiY2UKbFlTVUUvVGRkUWRVNjQrM010ZHRUUXI4TTFXamxnWmJlRjJ4amVUWld3U3ZMVG5YWFQvZ25LSVYwTzMrbW92OQpHdzFtcThYVnRoR0FGWEJuS3B3V0l2SVV5NlNqbFplbEhTRGplTTc3Z3M1cVg2aktqNzZheUFlZk4vQys4czJICkhEbTZBcjBLakwzdmNyRTdXbjQwRmZzblkyb0wwMEpmRmhEaWxibGEya0V0RTVvc3lOeG95SXk0Yld1R1F6TWsKblhVY25YUzBXUXhmcmlKM1R2OVJJUTQ9Ci0tLS0tRU5EIENFUlRJRklDQVRFLS0tLS0K"
              }
            ],
            "master_authorized_networks_config": [],
            "master_version": "1.21.6-gke.1500",
            "min_master_version": null,
            "monitoring_config": [
              {
                "enable_components": [
                  "SYSTEM_COMPONENTS"
                ]
              }
            ],
            "monitoring_service": "monitoring.googleapis.com/kubernetes",
            "name": "cluster-demo",
            "network": "projects/projectvpcpoc-2/global/networks/default",
            "network_policy": [
              {
                "enabled": false,
                "provider": "PROVIDER_UNSPECIFIED"
              }
            ],
            "networking_mode": "ROUTES",
            "node_config": [
              {
                "boot_disk_kms_key": "",
                "disk_size_gb": 100,
                "disk_type": "pd-standard",
                "gcfs_config": [],
                "guest_accelerator": [],
                "image_type": "COS_CONTAINERD",
                "labels": {
                  "foo": "bar"
                },
                "local_ssd_count": 0,
                "machine_type": "e2-medium",
                "metadata": {
                  "disable-legacy-endpoints": "true"
                },
                "min_cpu_platform": "",
                "node_group": "",
                "oauth_scopes": [
                  "https://www.googleapis.com/auth/cloud-platform"
                ],
                "preemptible": false,
                "service_account": "default",
                "shielded_instance_config": [
                  {
                    "enable_integrity_monitoring": true,
                    "enable_secure_boot": false
                  }
                ],
                "tags": [
                  "foo",
                  "bar"
                ],
                "taint": [],
                "workload_metadata_config": []
              }
            ],
            "node_locations": [],
            "node_pool": [
              {
                "autoscaling": [],
                "initial_node_count": 3,
                "instance_group_urls": [
                  "https://www.googleapis.com/compute/v1/projects/projectvpcpoc-2/zones/us-central1-a/instanceGroupManagers/gke-cluster-demo-default-pool-c781a804-grp"
                ],
                "managed_instance_group_urls": [
                  "https://www.googleapis.com/compute/v1/projects/projectvpcpoc-2/zones/us-central1-a/instanceGroups/gke-cluster-demo-default-pool-c781a804-grp"
                ],
                "management": [
                  {
                    "auto_repair": true,
                    "auto_upgrade": true
                  }
                ],
                "max_pods_per_node": 0,
                "name": "default-pool",
                "name_prefix": "",
                "node_config": [
                  {
                    "boot_disk_kms_key": "",
                    "disk_size_gb": 100,
                    "disk_type": "pd-standard",
                    "gcfs_config": [],
                    "guest_accelerator": [],
                    "image_type": "COS_CONTAINERD",
                    "labels": {
                      "foo": "bar"
                    },
                    "local_ssd_count": 0,
                    "machine_type": "e2-medium",
                    "metadata": {
                      "disable-legacy-endpoints": "true"
                    },
                    "min_cpu_platform": "",
                    "node_group": "",
                    "oauth_scopes": [
                      "https://www.googleapis.com/auth/cloud-platform"
                    ],
                    "preemptible": false,
                    "service_account": "default",
                    "shielded_instance_config": [
                      {
                        "enable_integrity_monitoring": true,
                        "enable_secure_boot": false
                      }
                    ],
                    "tags": [
                      "foo",
                      "bar"
                    ],
                    "taint": [],
                    "workload_metadata_config": []
                  }
                ],
                "node_count": 3,
                "node_locations": [
                  "us-central1-a"
                ],
                "upgrade_settings": [
                  {
                    "max_surge": 1,
                    "max_unavailable": 0
                  }
                ],
                "version": "1.21.6-gke.1500"
              }
            ],
            "node_version": "1.21.6-gke.1500",
            "operation": null,
            "private_cluster_config": [],
            "private_ipv6_google_access": "",
            "project": "projectvpcpoc-2",
            "release_channel": [
              {
                "channel": "REGULAR"
              }
            ],
            "remove_default_node_pool": null,
            "resource_labels": {},
            "resource_usage_export_config": [],
            "self_link": "https://container.googleapis.com/v1/projects/projectvpcpoc-2/zones/us-central1-a/clusters/cluster-demo",
            "services_ipv4_cidr": "10.111.240.0/20",
            "subnetwork": "projects/projectvpcpoc-2/regions/us-central1/subnetworks/default",
            "timeouts": {
              "create": "30m",
              "delete": null,
              "read": null,
              "update": "40m"
            },
            "tpu_ipv4_cidr_block": "",
            "vertical_pod_autoscaling": [],
            "workload_identity_config": []
          },
          "sensitive_attributes": [],
          "private": "eyJlMmJmYjczMC1lY2FhLTExZTYtOGY4OC0zNDM2M2JjN2M0YzAiOnsiY3JlYXRlIjoxODAwMDAwMDAwMDAwLCJkZWxldGUiOjI0MDAwMDAwMDAwMDAsInJlYWQiOjI0MDAwMDAwMDAwMDAsInVwZGF0ZSI6MjQwMDAwMDAwMDAwMH0sInNjaGVtYV92ZXJzaW9uIjoiMSJ9"
        }
      ]
    }
  ]
}
